
Microsoft Visual Studio Solution File, Format Version 12.00
# Visual Studio Version 17
VisualStudioVersion = 17.9.34526.213
MinimumVisualStudioVersion = 10.0.40219.1
Project("{9A19103F-16F7-4668-BE54-9A1E7A4F7556}") = "StickyNote.Server", "StickyNote.Server\StickyNote.Server.csproj", "{1C4CFC37-1AD9-4A1A-90D1-EAFC7F8DF32A}"
EndProject
Project("{54A90642-561A-4BB1-A94E-469ADEE60C69}") = "stickynote.client", "stickynote.client\stickynote.client.esproj", "{9E42CA52-EFB4-42E3-BBE6-6EC44236C60F}"
EndProject
Project("{FAE04EC0-301F-11D3-BF4B-00C04F79EFBC}") = "StickyNote.ServerTests", "StickyNote.ServerTests\StickyNote.ServerTests.csproj", "{C2288EDD-920C-4978-846A-5F286C0A417D}"
EndProject
Global
	GlobalSection(SolutionConfigurationPlatforms) = preSolution
		Debug|Any CPU = Debug|Any CPU
		Release|Any CPU = Release|Any CPU
	EndGlobalSection
	GlobalSection(ProjectConfigurationPlatforms) = postSolution
		{1C4CFC37-1AD9-4A1A-90D1-EAFC7F8DF32A}.Debug|Any CPU.ActiveCfg = Debug|Any CPU
		{1C4CFC37-1AD9-4A1A-90D1-EAFC7F8DF32A}.Debug|Any CPU.Build.0 = Debug|Any CPU
		{1C4CFC37-1AD9-4A1A-90D1-EAFC7F8DF32A}.Release|Any CPU.ActiveCfg = Release|Any CPU
		{1C4CFC37-1AD9-4A1A-90D1-EAFC7F8DF32A}.Release|Any CPU.Build.0 = Release|Any CPU
		{9E42CA52-EFB4-42E3-BBE6-6EC44236C60F}.Debug|Any CPU.ActiveCfg = Debug|Any CPU
		{9E42CA52-EFB4-42E3-BBE6-6EC44236C60F}.Debug|Any CPU.Build.0 = Debug|Any CPU
		{9E42CA52-EFB4-42E3-BBE6-6EC44236C60F}.Debug|Any CPU.Deploy.0 = Debug|Any CPU
		{9E42CA52-EFB4-42E3-BBE6-6EC44236C60F}.Release|Any CPU.ActiveCfg = Release|Any CPU
		{9E42CA52-EFB4-42E3-BBE6-6EC44236C60F}.Release|Any CPU.Build.0 = Release|Any CPU
		{9E42CA52-EFB4-42E3-BBE6-6EC44236C60F}.Release|Any CPU.Deploy.0 = Release|Any CPU
		{C2288EDD-920C-4978-846A-5F286C0A417D}.Debug|Any CPU.ActiveCfg = Debug|Any CPU
		{C2288EDD-920C-4978-846A-5F286C0A417D}.Debug|Any CPU.Build.0 = Debug|Any CPU
		{C2288EDD-920C-4978-846A-5F286C0A417D}.Release|Any CPU.ActiveCfg = Release|Any CPU
		{C2288EDD-920C-4978-846A-5F286C0A417D}.Release|Any CPU.Build.0 = Release|Any CPU
	EndGlobalSection
	GlobalSection(SolutionProperties) = preSolution
		HideSolutionNode = FALSE
	EndGlobalSection
	GlobalSection(ExtensibilityGlobals) = postSolution
		SolutionGuid = {C76B1E4E-51E1-4A45-BEEF-AB94B7AA8BDE}
	EndGlobalSection
EndGlobal
